
Microsoft Visual Studio Solution File, Format Version 12.00
# Visual Studio Version 16
VisualStudioVersion = 16.0.30128.74
MinimumVisualStudioVersion = 10.0.40219.1
Project("{9A19103F-16F7-4668-BE54-9A1E7A4F7556}") = "skoll.UI", "skoll.UI\skoll.UI.csproj", "{C141C9CB-976A-4D2D-A60E-B3FB802A5276}"
EndProject
Project("{9A19103F-16F7-4668-BE54-9A1E7A4F7556}") = "skoll.Aplicacao", "skoll.Aplicacao\skoll.Aplicacao.csproj", "{E1264329-B684-41FD-82DF-FCCDB3D95DCB}"
EndProject
Project("{9A19103F-16F7-4668-BE54-9A1E7A4F7556}") = "skoll.Dominio", "skoll.Dominio\skoll.Dominio.csproj", "{CF10A2FF-E668-427D-AA26-FEF3B795A588}"
EndProject
Project("{9A19103F-16F7-4668-BE54-9A1E7A4F7556}") = "skoll.Infraestrutura", "skoll.Infraestrutura\skoll.Infraestrutura.csproj", "{91515A64-29AB-4F03-BB85-12E847093693}"
EndProject
Global
	GlobalSection(SolutionConfigurationPlatforms) = preSolution
		Debug|Any CPU = Debug|Any CPU
		Release|Any CPU = Release|Any CPU
	EndGlobalSection
	GlobalSection(ProjectConfigurationPlatforms) = postSolution
		{C141C9CB-976A-4D2D-A60E-B3FB802A5276}.Debug|Any CPU.ActiveCfg = Debug|Any CPU
		{C141C9CB-976A-4D2D-A60E-B3FB802A5276}.Debug|Any CPU.Build.0 = Debug|Any CPU
		{C141C9CB-976A-4D2D-A60E-B3FB802A5276}.Release|Any CPU.ActiveCfg = Release|Any CPU
		{C141C9CB-976A-4D2D-A60E-B3FB802A5276}.Release|Any CPU.Build.0 = Release|Any CPU
		{E1264329-B684-41FD-82DF-FCCDB3D95DCB}.Debug|Any CPU.ActiveCfg = Debug|Any CPU
		{E1264329-B684-41FD-82DF-FCCDB3D95DCB}.Debug|Any CPU.Build.0 = Debug|Any CPU
		{E1264329-B684-41FD-82DF-FCCDB3D95DCB}.Release|Any CPU.ActiveCfg = Release|Any CPU
		{E1264329-B684-41FD-82DF-FCCDB3D95DCB}.Release|Any CPU.Build.0 = Release|Any CPU
		{CF10A2FF-E668-427D-AA26-FEF3B795A588}.Debug|Any CPU.ActiveCfg = Debug|Any CPU
		{CF10A2FF-E668-427D-AA26-FEF3B795A588}.Debug|Any CPU.Build.0 = Debug|Any CPU
		{CF10A2FF-E668-427D-AA26-FEF3B795A588}.Release|Any CPU.ActiveCfg = Release|Any CPU
		{CF10A2FF-E668-427D-AA26-FEF3B795A588}.Release|Any CPU.Build.0 = Release|Any CPU
		{91515A64-29AB-4F03-BB85-12E847093693}.Debug|Any CPU.ActiveCfg = Debug|Any CPU
		{91515A64-29AB-4F03-BB85-12E847093693}.Debug|Any CPU.Build.0 = Debug|Any CPU
		{91515A64-29AB-4F03-BB85-12E847093693}.Release|Any CPU.ActiveCfg = Release|Any CPU
		{91515A64-29AB-4F03-BB85-12E847093693}.Release|Any CPU.Build.0 = Release|Any CPU
	EndGlobalSection
	GlobalSection(SolutionProperties) = preSolution
		HideSolutionNode = FALSE
	EndGlobalSection
	GlobalSection(ExtensibilityGlobals) = postSolution
		SolutionGuid = {E871EF14-3067-445F-A3CA-F0C26CDF8A00}
	EndGlobalSection
EndGlobal
